
Microsoft Visual Studio Solution File, Format Version 12.00
# Visual Studio 15
VisualStudioVersion = 15.0.27130.2027
MinimumVisualStudioVersion = 10.0.40219.1
Project("{FAE04EC0-301F-11D3-BF4B-00C04F79EFBC}") = "AdonisUI", "AdonisUI\AdonisUI.csproj", "{45E54988-48A0-43AB-810B-0EE50E77F8FC}"
EndProject
Project("{FAE04EC0-301F-11D3-BF4B-00C04F79EFBC}") = "AdonisUI.Demo", "AdonisUI.Demo\AdonisUI.Demo.csproj", "{BB83094A-C51A-41DA-8A74-C0B41E84539A}"
EndProject
Project("{FAE04EC0-301F-11D3-BF4B-00C04F79EFBC}") = "AdonisUI.ClassicTheme", "AdonisUI.ClassicTheme\AdonisUI.ClassicTheme.csproj", "{1C41D016-993D-41B5-B9DB-4581867829D6}"
EndProject
Global
	GlobalSection(SolutionConfigurationPlatforms) = preSolution
		Debug|Any CPU = Debug|Any CPU
		Release|Any CPU = Release|Any CPU
	EndGlobalSection
	GlobalSection(ProjectConfigurationPlatforms) = postSolution
		{45E54988-48A0-43AB-810B-0EE50E77F8FC}.Debug|Any CPU.ActiveCfg = Debug|Any CPU
		{45E54988-48A0-43AB-810B-0EE50E77F8FC}.Debug|Any CPU.Build.0 = Debug|Any CPU
		{45E54988-48A0-43AB-810B-0EE50E77F8FC}.Release|Any CPU.ActiveCfg = Release|Any CPU
		{45E54988-48A0-43AB-810B-0EE50E77F8FC}.Release|Any CPU.Build.0 = Release|Any CPU
		{BB83094A-C51A-41DA-8A74-C0B41E84539A}.Debug|Any CPU.ActiveCfg = Debug|Any CPU
		{BB83094A-C51A-41DA-8A74-C0B41E84539A}.Debug|Any CPU.Build.0 = Debug|Any CPU
		{BB83094A-C51A-41DA-8A74-C0B41E84539A}.Release|Any CPU.ActiveCfg = Release|Any CPU
		{BB83094A-C51A-41DA-8A74-C0B41E84539A}.Release|Any CPU.Build.0 = Release|Any CPU
		{1C41D016-993D-41B5-B9DB-4581867829D6}.Debug|Any CPU.ActiveCfg = Debug|Any CPU
		{1C41D016-993D-41B5-B9DB-4581867829D6}.Debug|Any CPU.Build.0 = Debug|Any CPU
		{1C41D016-993D-41B5-B9DB-4581867829D6}.Release|Any CPU.ActiveCfg = Release|Any CPU
		{1C41D016-993D-41B5-B9DB-4581867829D6}.Release|Any CPU.Build.0 = Release|Any CPU
	EndGlobalSection
	GlobalSection(SolutionProperties) = preSolution
		HideSolutionNode = FALSE
	EndGlobalSection
	GlobalSection(ExtensibilityGlobals) = postSolution
		SolutionGuid = {031E44CB-D4B2-4C16-863E-A3D94DD55C4B}
	EndGlobalSection
EndGlobal
